
Microsoft Visual Studio Solution File, Format Version 12.00
# Visual Studio Version 17
VisualStudioVersion = 17.13.35806.99
MinimumVisualStudioVersion = 10.0.40219.1
Project("{54A90642-561A-4BB1-A94E-469ADEE60C69}") = "genaiservices-electron-app", "genaiservices-electron-app\genaiservices-electron-app.esproj", "{D24D9B5F-B945-2708-8C78-4B451D8C65C8}"
EndProject
Project("{2150E333-8FDC-42A3-9474-1A3956D46DE8}") = ".github", ".github", "{02EA681E-C7D8-13C7-8484-4AC65E1B71E8}"
EndProject
Project("{2150E333-8FDC-42A3-9474-1A3956D46DE8}") = "workflows", "workflows", "{09C3EE67-3A5A-40B0-A230-DEDDA4717039}"
	ProjectSection(SolutionItems) = preProject
		.github\workflows\build-mac-arm64.yml = .github\workflows\build-mac-arm64.yml
		.github\workflows\build-mac-x64.yml = .github\workflows\build-mac-x64.yml
		.github\workflows\build-win.yml = .github\workflows\build-win.yml
	EndProjectSection
EndProject
Global
	GlobalSection(SolutionConfigurationPlatforms) = preSolution
		Debug|Any CPU = Debug|Any CPU
		Release|Any CPU = Release|Any CPU
	EndGlobalSection
	GlobalSection(ProjectConfigurationPlatforms) = postSolution
		{D24D9B5F-B945-2708-8C78-4B451D8C65C8}.Debug|Any CPU.ActiveCfg = Debug|Any CPU
		{D24D9B5F-B945-2708-8C78-4B451D8C65C8}.Debug|Any CPU.Build.0 = Debug|Any CPU
		{D24D9B5F-B945-2708-8C78-4B451D8C65C8}.Debug|Any CPU.Deploy.0 = Debug|Any CPU
		{D24D9B5F-B945-2708-8C78-4B451D8C65C8}.Release|Any CPU.ActiveCfg = Release|Any CPU
		{D24D9B5F-B945-2708-8C78-4B451D8C65C8}.Release|Any CPU.Build.0 = Release|Any CPU
		{D24D9B5F-B945-2708-8C78-4B451D8C65C8}.Release|Any CPU.Deploy.0 = Release|Any CPU
	EndGlobalSection
	GlobalSection(SolutionProperties) = preSolution
		HideSolutionNode = FALSE
	EndGlobalSection
	GlobalSection(NestedProjects) = preSolution
		{09C3EE67-3A5A-40B0-A230-DEDDA4717039} = {02EA681E-C7D8-13C7-8484-4AC65E1B71E8}
	EndGlobalSection
	GlobalSection(ExtensibilityGlobals) = postSolution
		SolutionGuid = {B66E1ED3-51DA-4FBC-998B-DB3021A85D3E}
	EndGlobalSection
EndGlobal
